<?xml version="1.0" encoding="utf-8"?>
<Project ToolsVersion="4.0" xmlns="http://schemas.microsoft.com/developer/msbuild/2003">
  <ItemGroup>
    <Filter Include="Source Files">
      <UniqueIdentifier>{4FC737F1-C7A5-4376-A066-2A32D752A2FF}</UniqueIdentifier>
      <Extensions>cpp;c;cc;cxx;c++;cppm;ixx;def;odl;idl;hpj;bat;asm;asmx</Extensions>
    </Filter>
    <Filter Include="Header Files">
      <UniqueIdentifier>{93995380-89BD-4b04-88EB-625FBE52EBFB}</UniqueIdentifier>
      <Extensions>h;hh;hpp;hxx;h++;hm;inl;inc;ipp;xsd</Extensions>
    </Filter>
    <Filter Include="Resource Files">
      <UniqueIdentifier>{67DA6AB6-F800-4c08-8B7A-83BB121AAD01}</UniqueIdentifier>
      <Extensions>rc;ico;cur;bmp;dlg;rc2;rct;bin;rgs;gif;jpg;jpeg;jpe;resx;tiff;tif;png;wav;mfcribbon-ms</Extensions>
    </Filter>
    <Filter Include="Source Files\setup">
      <UniqueIdentifier>{3d896021-aa19-49d0-877c-c59e091358f8}</UniqueIdentifier>
    </Filter>
    <Filter Include="Resource Files\shaders">
      <UniqueIdentifier>{40292fb5-ae6b-4228-8f95-b14436d129af}</UniqueIdentifier>
    </Filter>
    <Filter Include="Resource Files\fonts">
      <UniqueIdentifier>{b1c6e4f8-3f18-490f-92dc-7debe41e0792}</UniqueIdentifier>
    </Filter>
    <Filter Include="Resource Files\audio">
      <UniqueIdentifier>{3d706cff-d244-41eb-8285-8a43ce39640a}</UniqueIdentifier>
    </Filter>
    <Filter Include="Source Files\ui">
      <UniqueIdentifier>{90b3bb71-33ab-4ed5-81d0-918ba8d9f498}</UniqueIdentifier>
    </Filter>
    <Filter Include="Header Files\ui">
      <UniqueIdentifier>{e14f0349-520b-4714-b969-2402043e2be3}</UniqueIdentifier>
    </Filter>
    <Filter Include="Resource Files\images">
      <UniqueIdentifier>{fc70cb3f-748f-45ae-ae67-30743e204bae}</UniqueIdentifier>
    </Filter>
  </ItemGroup>
  <ItemGroup>
    <ClCompile Include="main.cpp">
      <Filter>Source Files</Filter>
    </ClCompile>
    <ClCompile Include="Shader.cpp">
      <Filter>Source Files</Filter>
    </ClCompile>
    <ClCompile Include="stb.cpp">
      <Filter>Source Files\setup</Filter>
    </ClCompile>
    <ClCompile Include="glad.c">
      <Filter>Source Files\setup</Filter>
    </ClCompile>
    <ClCompile Include="UIManager.cpp">
      <Filter>Source Files\ui</Filter>
    </ClCompile>
    <ClCompile Include="UIElement.cpp">
      <Filter>Source Files\ui</Filter>
    </ClCompile>
    <ClCompile Include="Button.cpp">
      <Filter>Source Files\ui</Filter>
    </ClCompile>
    <ClCompile Include="Text.cpp">
      <Filter>Source Files\ui</Filter>
    </ClCompile>
    <ClCompile Include="Image.cpp">
      <Filter>Source Files\ui</Filter>
    </ClCompile>
    <ClCompile Include="Texture.cpp">
      <Filter>Source Files</Filter>
    </ClCompile>
  </ItemGroup>
  <ItemGroup>
    <ClInclude Include="Shader.h">
      <Filter>Header Files</Filter>
    </ClInclude>
    <ClInclude Include="Button.h">
      <Filter>Header Files\ui</Filter>
    </ClInclude>
    <ClInclude Include="UIElement.h">
      <Filter>Header Files\ui</Filter>
    </ClInclude>
    <ClInclude Include="UIManager.h">
      <Filter>Header Files\ui</Filter>
    </ClInclude>
    <ClInclude Include="Text.h">
      <Filter>Header Files\ui</Filter>
    </ClInclude>
    <ClInclude Include="Image.h">
      <Filter>Header Files\ui</Filter>
    </ClInclude>
    <ClInclude Include="Texture.h">
      <Filter>Header Files</Filter>
    </ClInclude>
  </ItemGroup>
  <ItemGroup>
    <None Include="shaders\text.vert">
      <Filter>Resource Files\shaders</Filter>
    </None>
    <None Include="shaders\text.frag">
      <Filter>Resource Files\shaders</Filter>
    </None>
    <None Include="shaders\button.vert">
      <Filter>Resource Files\shaders</Filter>
    </None>
    <None Include="shaders\button.frag">
      <Filter>Resource Files\shaders</Filter>
    </None>
    <None Include="shaders\image.vert">
      <Filter>Resource Files\shaders</Filter>
    </None>
    <None Include="shaders\image.frag">
      <Filter>Resource Files\shaders</Filter>
    </None>
  </ItemGroup>
  <ItemGroup>
    <Font Include="fonts\arial.ttf">
      <Filter>Resource Files\fonts</Filter>
    </Font>
  </ItemGroup>
  <ItemGroup>
    <Media Include="audio\flick.mp3">
      <Filter>Resource Files\audio</Filter>
    </Media>
    <Media Include="audio\flick2.mp3">
      <Filter>Resource Files\audio</Filter>
    </Media>
  </ItemGroup>
  <ItemGroup>
    <Image Include="images\oops.png">
      <Filter>Resource Files\images</Filter>
    </Image>
  </ItemGroup>
</Project>